
Microsoft Visual Studio Solution File, Format Version 12.00
# Visual Studio Version 17
VisualStudioVersion = 17.8.34330.188
MinimumVisualStudioVersion = 10.0.40219.1
Project("{FAE04EC0-301F-11D3-BF4B-00C04F79EFBC}") = "Getri_TokenAuthentication", "Getri_TokenAuthentication\Getri_TokenAuthentication.csproj", "{38324C45-8F5C-475C-81AF-132F569BDD13}"
EndProject
Global
	GlobalSection(SolutionConfigurationPlatforms) = preSolution
		Debug|Any CPU = Debug|Any CPU
		Release|Any CPU = Release|Any CPU
	EndGlobalSection
	GlobalSection(ProjectConfigurationPlatforms) = postSolution
		{38324C45-8F5C-475C-81AF-132F569BDD13}.Debug|Any CPU.ActiveCfg = Debug|Any CPU
		{38324C45-8F5C-475C-81AF-132F569BDD13}.Debug|Any CPU.Build.0 = Debug|Any CPU
		{38324C45-8F5C-475C-81AF-132F569BDD13}.Release|Any CPU.ActiveCfg = Release|Any CPU
		{38324C45-8F5C-475C-81AF-132F569BDD13}.Release|Any CPU.Build.0 = Release|Any CPU
	EndGlobalSection
	GlobalSection(SolutionProperties) = preSolution
		HideSolutionNode = FALSE
	EndGlobalSection
	GlobalSection(ExtensibilityGlobals) = postSolution
		SolutionGuid = {4B85CC6C-8D48-4BB4-84C0-B6F2235CB962}
	EndGlobalSection
EndGlobal
